// !$*UTF8*$!
{
	archiveVersion = 1;
	classes = {
	};
	objectVersion = 46;
	objects = {

/* Begin PBXBuildFile section */
		3C198F0C1D67CE010048393D /* DeviceAngles.h in CopyFiles */ = {isa = PBXBuildFile; fileRef = 3C198F0B1D67CE010048393D /* DeviceAngles.h */; };
		3C198F0E1D67CE010048393D /* DeviceAngles.m in Sources */ = {isa = PBXBuildFile; fileRef = 3C198F0D1D67CE010048393D /* DeviceAngles.m */; };
/* End PBXBuildFile section */

/* Begin PBXCopyFilesBuildPhase section */
		3C198F061D67CE010048393D /* CopyFiles */ = {
			isa = PBXCopyFilesBuildPhase;
			buildActionMask = 2147483647;
			dstPath = "include/$(PRODUCT_NAME)";
			dstSubfolderSpec = 16;
			files = (
				3C198F0C1D67CE010048393D /* DeviceAngles.h in CopyFiles */,
			);
			runOnlyForDeploymentPostprocessing = 0;
		};
/* End PBXCopyFilesBuildPhase section */

/* Begin PBXFileReference section */
		3C198F081D67CE010048393D /* libRNDeviceAngles.a */ = {isa = PBXFileReference; explicitFileType = archive.ar; includeInIndex = 0; path = libRNDeviceAngles.a; sourceTree = BUILT_PRODUCTS_DIR; };
		3C198F0B1D67CE010048393D /* DeviceAngles.h */ = {isa = PBXFileReference; lastKnownFileType = sourcecode.c.h; path = DeviceAngles.h; sourceTree = "<group>"; };
		3C198F0D1D67CE010048393D /* DeviceAngles.m */ = {isa = PBXFileReference; lastKnownFileType = sourcecode.c.objc; path = DeviceAngles.m; sourceTree = "<group>"; };
/* End PBXFileReference section */

/* Begin PBXFrameworksBuildPhase section */
		3C198F051D67CE010048393D /* Frameworks */ = {
			isa = PBXFrameworksBuildPhase;
			buildActionMask = 2147483647;
			files = (
			);
			runOnlyForDeploymentPostprocessing = 0;
		};
/* End PBXFrameworksBuildPhase section */

/* Begin PBXGroup section */
		3C198EFF1D67CE010048393D = {
			isa = PBXGroup;
			children = (
				3C198F0A1D67CE010048393D /* RNDeviceAngles */,
				3C198F091D67CE010048393D /* Products */,
			);
			sourceTree = "<group>";
		};
		3C198F091D67CE010048393D /* Products */ = {
			isa = PBXGroup;
			children = (
				3C198F081D67CE010048393D /* libRNDeviceAngles.a */,
			);
			name = Products;
			sourceTree = "<group>";
		};
		3C198F0A1D67CE010048393D /* RNDeviceAngles */ = {
			isa = PBXGroup;
			children = (
				3C198F0B1D67CE010048393D /* DeviceAngles.h */,
				3C198F0D1D67CE010048393D /* DeviceAngles.m */,
			);
			path = RNDeviceAngles;
			sourceTree = "<group>";
		};
/* End PBXGroup section */

/* Begin PBXNativeTarget section */
		3C198F071D67CE010048393D /* RNDeviceAngles */ = {
			isa = PBXNativeTarget;
			buildConfigurationList = 3C198F111D67CE010048393D /* Build configuration list for PBXNativeTarget "RNDeviceAngles" */;
			buildPhases = (
				3C198F041D67CE010048393D /* Sources */,
				3C198F051D67CE010048393D /* Frameworks */,
				3C198F061D67CE010048393D /* CopyFiles */,
			);
			buildRules = (
			);
			dependencies = (
			);
			name = RNDeviceAngles;
			productName = RNDeviceAngles;
			productReference = 3C198F081D67CE010048393D /* libRNDeviceAngles.a */;
			productType = "com.apple.product-type.library.static";
		};
/* End PBXNativeTarget section */

/* Begin PBXProject section */
		3C198F001D67CE010048393D /* Project object */ = {
			isa = PBXProject;
			attributes = {
				LastUpgradeCheck = 0730;
				ORGANIZATIONNAME = "Cristian Szwarc";
				TargetAttributes = {
					3C198F071D67CE010048393D = {
						CreatedOnToolsVersion = 7.3.1;
					};
				};
			};
			buildConfigurationList = 3C198F031D67CE010048393D /* Build configuration list for PBXProject "RNDeviceAngles" */;
			compatibilityVersion = "Xcode 3.2";
			developmentRegion = English;
			hasScannedForEncodings = 0;
			knownRegions = (
				en,
			);
			mainGroup = 3C198EFF1D67CE010048393D;
			productRefGroup = 3C198F091D67CE010048393D /* Products */;
			projectDirPath = "";
			projectRoot = "";
			targets = (
				3C198F071D67CE010048393D /* RNDeviceAngles */,
			);
		};
/* End PBXProject section */

/* Begin PBXSourcesBuildPhase section */
		3C198F041D67CE010048393D /* Sources */ = {
			isa = PBXSourcesBuildPhase;
			buildActionMask = 2147483647;
			files = (
				3C198F0E1D67CE010048393D /* DeviceAngles.m in Sources */,
			);
			runOnlyForDeploymentPostprocessing = 0;
		};
/* End PBXSourcesBuildPhase section */

/* Begin XCBuildConfiguration section */
		3C198F0F1D67CE010048393D /* Debug */ = {
			isa = XCBuildConfiguration;
			buildSettings = {
				ALWAYS_SEARCH_USER_PATHS = NO;
				CLANG_ANALYZER_NONNULL = YES;
				CLANG_CXX_LANGUAGE_STANDARD = "gnu++0x";
				CLANG_CXX_LIBRARY = "libc++";
				CLANG_ENABLE_MODULES = YES;
				CLANG_ENABLE_OBJC_ARC = YES;
				CLANG_WARN_BOOL_CONVERSION = YES;
				CLANG_WARN_CONSTANT_CONVERSION = YES;
				CLANG_WARN_DIRECT_OBJC_ISA_USAGE = YES_ERROR;
				CLANG_WARN_EMPTY_BODY = YES;
				CLANG_WARN_ENUM_CONVERSION = YES;
				CLANG_WARN_INT_CONVERSION = YES;
				CLANG_WARN_OBJC_ROOT_CLASS = YES_ERROR;
				CLANG_WARN_UNREACHABLE_CODE = YES;
				CLANG_WARN__DUPLICATE_METHOD_MATCH = YES;
				"CODE_SIGN_IDENTITY[sdk=iphoneos*]" = "iPhone Developer";
				COPY_PHASE_STRIP = NO;
				DEBUG_INFORMATION_FORMAT = dwarf;
				ENABLE_STRICT_OBJC_MSGSEND = YES;
				ENABLE_TESTABILITY = YES;
				GCC_C_LANGUAGE_STANDARD = gnu99;
				GCC_DYNAMIC_NO_PIC = NO;
				GCC_NO_COMMON_BLOCKS = YES;
				GCC_OPTIMIZATION_LEVEL = 0;
				GCC_PREPROCESSOR_DEFINITIONS = (
					"DEBUG=1",
					"$(inherited)",
				);
				GCC_WARN_64_TO_32_BIT_CONVERSION = YES;
				GCC_WARN_ABOUT_RETURN_TYPE = YES_ERROR;
				GCC_WARN_UNDECLARED_SELECTOR = YES;
				GCC_WARN_UNINITIALIZED_AUTOS = YES_AGGRESSIVE;
				GCC_WARN_UNUSED_FUNCTION = YES;
				GCC_WARN_UNUSED_VARIABLE = YES;
				IPHONEOS_DEPLOYMENT_TARGET = 9.3;
				MTL_ENABLE_DEBUG_INFO = YES;
				ONLY_ACTIVE_ARCH = YES;
				SDKROOT = iphoneos;
			};
			name = Debug;
		};
		3C198F101D67CE010048393D /* Release */ = {
			isa = XCBuildConfiguration;
			buildSettings = {
				ALWAYS_SEARCH_USER_PATHS = NO;
				CLANG_ANALYZER_NONNULL = YES;
				CLANG_CXX_LANGUAGE_STANDARD = "gnu++0x";
				CLANG_CXX_LIBRARY = "libc++";
				CLANG_ENABLE_MODULES = YES;
				CLANG_ENABLE_OBJC_ARC = YES;
				CLANG_WARN_BOOL_CONVERSION = YES;
				CLANG_WARN_CONSTANT_CONVERSION = YES;
				CLANG_WARN_DIRECT_OBJC_ISA_USAGE = YES_ERROR;
				CLANG_WARN_EMPTY_BODY = YES;
				CLANG_WARN_ENUM_CONVERSION = YES;
				CLANG_WARN_INT_CONVERSION = YES;
				CLANG_WARN_OBJC_ROOT_CLASS = YES_ERROR;
				CLANG_WARN_UNREACHABLE_CODE = YES;
				CLANG_WARN__DUPLICATE_METHOD_MATCH = YES;
				"CODE_SIGN_IDENTITY[sdk=iphoneos*]" = "iPhone Developer";
				COPY_PHASE_STRIP = NO;
				DEBUG_INFORMATION_FORMAT = "dwarf-with-dsym";
				ENABLE_NS_ASSERTIONS = NO;
				ENABLE_STRICT_OBJC_MSGSEND = YES;
				GCC_C_LANGUAGE_STANDARD = gnu99;
				GCC_NO_COMMON_BLOCKS = YES;
				GCC_WARN_64_TO_32_BIT_CONVERSION = YES;
				GCC_WARN_ABOUT_RETURN_TYPE = YES_ERROR;
				GCC_WARN_UNDECLARED_SELECTOR = YES;
				GCC_WARN_UNINITIALIZED_AUTOS = YES_AGGRESSIVE;
				GCC_WARN_UNUSED_FUNCTION = YES;
				GCC_WARN_UNUSED_VARIABLE = YES;
				IPHONEOS_DEPLOYMENT_TARGET = 9.3;
				MTL_ENABLE_DEBUG_INFO = NO;
				SDKROOT = iphoneos;
				VALIDATE_PRODUCT = YES;
			};
			name = Release;
		};
		3C198F121D67CE010048393D /* Debug */ = {
			isa = XCBuildConfiguration;
			buildSettings = {
				HEADER_SEARCH_PATHS = (
					"$(inherited)",
					/Applications/Xcode.app/Contents/Developer/Toolchains/XcodeDefault.xctoolchain/usr/include,
					"$(SRCROOT)/../react-native/React/**",
					"$(SRCROOT)/node_modules/react-native/React/**",
				);
				OTHER_LDFLAGS = "-ObjC";
				PRODUCT_NAME = "$(TARGET_NAME)";
				SKIP_INSTALL = YES;
			};
			name = Debug;
		};
		3C198F131D67CE010048393D /* Release */ = {
			isa = XCBuildConfiguration;
			buildSettings = {
				HEADER_SEARCH_PATHS = (
					"$(inherited)",
					/Applications/Xcode.app/Contents/Developer/Toolchains/XcodeDefault.xctoolchain/usr/include,
					"$(SRCROOT)/../react-native/React/**",
					"$(SRCROOT)/node_modules/react-native/React/**",
				);
				OTHER_LDFLAGS = "-ObjC";
				PRODUCT_NAME = "$(TARGET_NAME)";
				SKIP_INSTALL = YES;
			};
			name = Release;
		};
/* End XCBuildConfiguration section */

/* Begin XCConfigurationList section */
		3C198F031D67CE010048393D /* Build configuration list for PBXProject "RNDeviceAngles" */ = {
			isa = XCConfigurationList;
			buildConfigurations = (
				3C198F0F1D67CE010048393D /* Debug */,
				3C198F101D67CE010048393D /* Release */,
			);
			defaultConfigurationIsVisible = 0;
			defaultConfigurationName = Release;
		};
		3C198F111D67CE010048393D /* Build configuration list for PBXNativeTarget "RNDeviceAngles" */ = {
			isa = XCConfigurationList;
			buildConfigurations = (
				3C198F121D67CE010048393D /* Debug */,
				3C198F131D67CE010048393D /* Release */,
			);
			defaultConfigurationIsVisible = 0;
		};
/* End XCConfigurationList section */
	};
	rootObject = 3C198F001D67CE010048393D /* Project object */;
}
